// !$*UTF8*$!
{
	archiveVersion = 1;
	classes = {
	};
	objectVersion = 46;
	objects = {

/* Begin PBXBuildFile section */
		1855610B185E52D5000DBE36 /* Foundation.framework in Frameworks */ = {isa = PBXBuildFile; fileRef = 1855610A185E52D5000DBE36 /* Foundation.framework */; };
		1855610D185E52D5000DBE36 /* CoreGraphics.framework in Frameworks */ = {isa = PBXBuildFile; fileRef = 1855610C185E52D5000DBE36 /* CoreGraphics.framework */; };
		1855610F185E52D5000DBE36 /* UIKit.framework in Frameworks */ = {isa = PBXBuildFile; fileRef = 1855610E185E52D5000DBE36 /* UIKit.framework */; };
		18556115185E52D5000DBE36 /* InfoPlist.strings in Resources */ = {isa = PBXBuildFile; fileRef = 18556113185E52D5000DBE36 /* InfoPlist.strings */; };
		18556117185E52D5000DBE36 /* main.m in Sources */ = {isa = PBXBuildFile; fileRef = 18556116185E52D5000DBE36 /* main.m */; };
		1855611B185E52D5000DBE36 /* AppDelegate.m in Sources */ = {isa = PBXBuildFile; fileRef = 1855611A185E52D5000DBE36 /* AppDelegate.m */; };
		1855611E185E52D5000DBE36 /* Main.storyboard in Resources */ = {isa = PBXBuildFile; fileRef = 1855611C185E52D5000DBE36 /* Main.storyboard */; };
		18556121185E52D5000DBE36 /* MasterViewController.m in Sources */ = {isa = PBXBuildFile; fileRef = 18556120185E52D5000DBE36 /* MasterViewController.m */; };
		18556124185E52D5000DBE36 /* DetailViewController.m in Sources */ = {isa = PBXBuildFile; fileRef = 18556123185E52D5000DBE36 /* DetailViewController.m */; };
		18556126185E52D5000DBE36 /* Images.xcassets in Resources */ = {isa = PBXBuildFile; fileRef = 18556125185E52D5000DBE36 /* Images.xcassets */; };
		1855612D185E52D5000DBE36 /* XCTest.framework in Frameworks */ = {isa = PBXBuildFile; fileRef = 1855612C185E52D5000DBE36 /* XCTest.framework */; };
		1855612E185E52D5000DBE36 /* Foundation.framework in Frameworks */ = {isa = PBXBuildFile; fileRef = 1855610A185E52D5000DBE36 /* Foundation.framework */; };
		1855612F185E52D5000DBE36 /* UIKit.framework in Frameworks */ = {isa = PBXBuildFile; fileRef = 1855610E185E52D5000DBE36 /* UIKit.framework */; };
		18556137185E52D5000DBE36 /* InfoPlist.strings in Resources */ = {isa = PBXBuildFile; fileRef = 18556135185E52D5000DBE36 /* InfoPlist.strings */; };
		18556139185E52D5000DBE36 /* myBizTests.m in Sources */ = {isa = PBXBuildFile; fileRef = 18556138185E52D5000DBE36 /* myBizTests.m */; };
/* End PBXBuildFile section */

/* Begin PBXContainerItemProxy section */
		18556130185E52D5000DBE36 /* PBXContainerItemProxy */ = {
			isa = PBXContainerItemProxy;
			containerPortal = 185560FF185E52D5000DBE36 /* Project object */;
			proxyType = 1;
			remoteGlobalIDString = 18556106185E52D5000DBE36;
			remoteInfo = myBiz;
		};
/* End PBXContainerItemProxy section */

/* Begin PBXFileReference section */
		18556107185E52D5000DBE36 /* myBiz.app */ = {isa = PBXFileReference; explicitFileType = wrapper.application; includeInIndex = 0; path = myBiz.app; sourceTree = BUILT_PRODUCTS_DIR; };
		1855610A185E52D5000DBE36 /* Foundation.framework */ = {isa = PBXFileReference; lastKnownFileType = wrapper.framework; name = Foundation.framework; path = System/Library/Frameworks/Foundation.framework; sourceTree = SDKROOT; };
		1855610C185E52D5000DBE36 /* CoreGraphics.framework */ = {isa = PBXFileReference; lastKnownFileType = wrapper.framework; name = CoreGraphics.framework; path = System/Library/Frameworks/CoreGraphics.framework; sourceTree = SDKROOT; };
		1855610E185E52D5000DBE36 /* UIKit.framework */ = {isa = PBXFileReference; lastKnownFileType = wrapper.framework; name = UIKit.framework; path = System/Library/Frameworks/UIKit.framework; sourceTree = SDKROOT; };
		18556112185E52D5000DBE36 /* myBiz-Info.plist */ = {isa = PBXFileReference; lastKnownFileType = text.plist.xml; path = "myBiz-Info.plist"; sourceTree = "<group>"; };
		18556114185E52D5000DBE36 /* en */ = {isa = PBXFileReference; lastKnownFileType = text.plist.strings; name = en; path = en.lproj/InfoPlist.strings; sourceTree = "<group>"; };
		18556116185E52D5000DBE36 /* main.m */ = {isa = PBXFileReference; lastKnownFileType = sourcecode.c.objc; path = main.m; sourceTree = "<group>"; };
		18556118185E52D5000DBE36 /* myBiz-Prefix.pch */ = {isa = PBXFileReference; lastKnownFileType = sourcecode.c.h; path = "myBiz-Prefix.pch"; sourceTree = "<group>"; };
		18556119185E52D5000DBE36 /* AppDelegate.h */ = {isa = PBXFileReference; lastKnownFileType = sourcecode.c.h; path = AppDelegate.h; sourceTree = "<group>"; };
		1855611A185E52D5000DBE36 /* AppDelegate.m */ = {isa = PBXFileReference; lastKnownFileType = sourcecode.c.objc; path = AppDelegate.m; sourceTree = "<group>"; };
		1855611D185E52D5000DBE36 /* Base */ = {isa = PBXFileReference; lastKnownFileType = file.storyboard; name = Base; path = Base.lproj/Main.storyboard; sourceTree = "<group>"; };
		1855611F185E52D5000DBE36 /* MasterViewController.h */ = {isa = PBXFileReference; lastKnownFileType = sourcecode.c.h; path = MasterViewController.h; sourceTree = "<group>"; };
		18556120185E52D5000DBE36 /* MasterViewController.m */ = {isa = PBXFileReference; lastKnownFileType = sourcecode.c.objc; path = MasterViewController.m; sourceTree = "<group>"; };
		18556122185E52D5000DBE36 /* DetailViewController.h */ = {isa = PBXFileReference; lastKnownFileType = sourcecode.c.h; path = DetailViewController.h; sourceTree = "<group>"; };
		18556123185E52D5000DBE36 /* DetailViewController.m */ = {isa = PBXFileReference; lastKnownFileType = sourcecode.c.objc; path = DetailViewController.m; sourceTree = "<group>"; };
		18556125185E52D5000DBE36 /* Images.xcassets */ = {isa = PBXFileReference; lastKnownFileType = folder.assetcatalog; path = Images.xcassets; sourceTree = "<group>"; };
		1855612B185E52D5000DBE36 /* myBizTests.xctest */ = {isa = PBXFileReference; explicitFileType = wrapper.cfbundle; includeInIndex = 0; path = myBizTests.xctest; sourceTree = BUILT_PRODUCTS_DIR; };
		1855612C185E52D5000DBE36 /* XCTest.framework */ = {isa = PBXFileReference; lastKnownFileType = wrapper.framework; name = XCTest.framework; path = Library/Frameworks/XCTest.framework; sourceTree = DEVELOPER_DIR; };
		18556134185E52D5000DBE36 /* myBizTests-Info.plist */ = {isa = PBXFileReference; lastKnownFileType = text.plist.xml; path = "myBizTests-Info.plist"; sourceTree = "<group>"; };
		18556136185E52D5000DBE36 /* en */ = {isa = PBXFileReference; lastKnownFileType = text.plist.strings; name = en; path = en.lproj/InfoPlist.strings; sourceTree = "<group>"; };
		18556138185E52D5000DBE36 /* myBizTests.m */ = {isa = PBXFileReference; lastKnownFileType = sourcecode.c.objc; path = myBizTests.m; sourceTree = "<group>"; };
/* End PBXFileReference section */

/* Begin PBXFrameworksBuildPhase section */
		18556104185E52D5000DBE36 /* Frameworks */ = {
			isa = PBXFrameworksBuildPhase;
			buildActionMask = 2147483647;
			files = (
				1855610D185E52D5000DBE36 /* CoreGraphics.framework in Frameworks */,
				1855610F185E52D5000DBE36 /* UIKit.framework in Frameworks */,
				1855610B185E52D5000DBE36 /* Foundation.framework in Frameworks */,
			);
			runOnlyForDeploymentPostprocessing = 0;
		};
		18556128185E52D5000DBE36 /* Frameworks */ = {
			isa = PBXFrameworksBuildPhase;
			buildActionMask = 2147483647;
			files = (
				1855612D185E52D5000DBE36 /* XCTest.framework in Frameworks */,
				1855612F185E52D5000DBE36 /* UIKit.framework in Frameworks */,
				1855612E185E52D5000DBE36 /* Foundation.framework in Frameworks */,
			);
			runOnlyForDeploymentPostprocessing = 0;
		};
/* End PBXFrameworksBuildPhase section */

/* Begin PBXGroup section */
		185560FE185E52D5000DBE36 = {
			isa = PBXGroup;
			children = (
				18556110185E52D5000DBE36 /* myBiz */,
				18556132185E52D5000DBE36 /* myBizTests */,
				18556109185E52D5000DBE36 /* Frameworks */,
				18556108185E52D5000DBE36 /* Products */,
			);
			sourceTree = "<group>";
		};
		18556108185E52D5000DBE36 /* Products */ = {
			isa = PBXGroup;
			children = (
				18556107185E52D5000DBE36 /* myBiz.app */,
				1855612B185E52D5000DBE36 /* myBizTests.xctest */,
			);
			name = Products;
			sourceTree = "<group>";
		};
		18556109185E52D5000DBE36 /* Frameworks */ = {
			isa = PBXGroup;
			children = (
				1855610A185E52D5000DBE36 /* Foundation.framework */,
				1855610C185E52D5000DBE36 /* CoreGraphics.framework */,
				1855610E185E52D5000DBE36 /* UIKit.framework */,
				1855612C185E52D5000DBE36 /* XCTest.framework */,
			);
			name = Frameworks;
			sourceTree = "<group>";
		};
		18556110185E52D5000DBE36 /* myBiz */ = {
			isa = PBXGroup;
			children = (
				18556119185E52D5000DBE36 /* AppDelegate.h */,
				1855611A185E52D5000DBE36 /* AppDelegate.m */,
				1855611C185E52D5000DBE36 /* Main.storyboard */,
				1855611F185E52D5000DBE36 /* MasterViewController.h */,
				18556120185E52D5000DBE36 /* MasterViewController.m */,
				18556122185E52D5000DBE36 /* DetailViewController.h */,
				18556123185E52D5000DBE36 /* DetailViewController.m */,
				18556125185E52D5000DBE36 /* Images.xcassets */,
				18556111185E52D5000DBE36 /* Supporting Files */,
			);
			path = myBiz;
			sourceTree = "<group>";
		};
		18556111185E52D5000DBE36 /* Supporting Files */ = {
			isa = PBXGroup;
			children = (
				18556112185E52D5000DBE36 /* myBiz-Info.plist */,
				18556113185E52D5000DBE36 /* InfoPlist.strings */,
				18556116185E52D5000DBE36 /* main.m */,
				18556118185E52D5000DBE36 /* myBiz-Prefix.pch */,
			);
			name = "Supporting Files";
			sourceTree = "<group>";
		};
		18556132185E52D5000DBE36 /* myBizTests */ = {
			isa = PBXGroup;
			children = (
				18556138185E52D5000DBE36 /* myBizTests.m */,
				18556133185E52D5000DBE36 /* Supporting Files */,
			);
			path = myBizTests;
			sourceTree = "<group>";
		};
		18556133185E52D5000DBE36 /* Supporting Files */ = {
			isa = PBXGroup;
			children = (
				18556134185E52D5000DBE36 /* myBizTests-Info.plist */,
				18556135185E52D5000DBE36 /* InfoPlist.strings */,
			);
			name = "Supporting Files";
			sourceTree = "<group>";
		};
/* End PBXGroup section */

/* Begin PBXNativeTarget section */
		18556106185E52D5000DBE36 /* myBiz */ = {
			isa = PBXNativeTarget;
			buildConfigurationList = 1855613C185E52D5000DBE36 /* Build configuration list for PBXNativeTarget "myBiz" */;
			buildPhases = (
				18556103185E52D5000DBE36 /* Sources */,
				18556104185E52D5000DBE36 /* Frameworks */,
				18556105185E52D5000DBE36 /* Resources */,
			);
			buildRules = (
			);
			dependencies = (
			);
			name = myBiz;
			productName = myBiz;
			productReference = 18556107185E52D5000DBE36 /* myBiz.app */;
			productType = "com.apple.product-type.application";
		};
		1855612A185E52D5000DBE36 /* myBizTests */ = {
			isa = PBXNativeTarget;
			buildConfigurationList = 1855613F185E52D5000DBE36 /* Build configuration list for PBXNativeTarget "myBizTests" */;
			buildPhases = (
				18556127185E52D5000DBE36 /* Sources */,
				18556128185E52D5000DBE36 /* Frameworks */,
				18556129185E52D5000DBE36 /* Resources */,
			);
			buildRules = (
			);
			dependencies = (
				18556131185E52D5000DBE36 /* PBXTargetDependency */,
			);
			name = myBizTests;
			productName = myBizTests;
			productReference = 1855612B185E52D5000DBE36 /* myBizTests.xctest */;
			productType = "com.apple.product-type.bundle.unit-test";
		};
/* End PBXNativeTarget section */

/* Begin PBXProject section */
		185560FF185E52D5000DBE36 /* Project object */ = {
			isa = PBXProject;
			attributes = {
				LastUpgradeCheck = 0500;
				ORGANIZATIONNAME = "Will Alvarez";
				TargetAttributes = {
					1855612A185E52D5000DBE36 = {
						TestTargetID = 18556106185E52D5000DBE36;
					};
				};
			};
			buildConfigurationList = 18556102185E52D5000DBE36 /* Build configuration list for PBXProject "myBiz" */;
			compatibilityVersion = "Xcode 3.2";
			developmentRegion = English;
			hasScannedForEncodings = 0;
			knownRegions = (
				en,
				Base,
			);
			mainGroup = 185560FE185E52D5000DBE36;
			productRefGroup = 18556108185E52D5000DBE36 /* Products */;
			projectDirPath = "";
			projectRoot = "";
			targets = (
				18556106185E52D5000DBE36 /* myBiz */,
				1855612A185E52D5000DBE36 /* myBizTests */,
			);
		};
/* End PBXProject section */

/* Begin PBXResourcesBuildPhase section */
		18556105185E52D5000DBE36 /* Resources */ = {
			isa = PBXResourcesBuildPhase;
			buildActionMask = 2147483647;
			files = (
				18556126185E52D5000DBE36 /* Images.xcassets in Resources */,
				18556115185E52D5000DBE36 /* InfoPlist.strings in Resources */,
				1855611E185E52D5000DBE36 /* Main.storyboard in Resources */,
			);
			runOnlyForDeploymentPostprocessing = 0;
		};
		18556129185E52D5000DBE36 /* Resources */ = {
			isa = PBXResourcesBuildPhase;
			buildActionMask = 2147483647;
			files = (
				18556137185E52D5000DBE36 /* InfoPlist.strings in Resources */,
			);
			runOnlyForDeploymentPostprocessing = 0;
		};
/* End PBXResourcesBuildPhase section */

/* Begin PBXSourcesBuildPhase section */
		18556103185E52D5000DBE36 /* Sources */ = {
			isa = PBXSourcesBuildPhase;
			buildActionMask = 2147483647;
			files = (
				1855611B185E52D5000DBE36 /* AppDelegate.m in Sources */,
				18556121185E52D5000DBE36 /* MasterViewController.m in Sources */,
				18556117185E52D5000DBE36 /* main.m in Sources */,
				18556124185E52D5000DBE36 /* DetailViewController.m in Sources */,
			);
			runOnlyForDeploymentPostprocessing = 0;
		};
		18556127185E52D5000DBE36 /* Sources */ = {
			isa = PBXSourcesBuildPhase;
			buildActionMask = 2147483647;
			files = (
				18556139185E52D5000DBE36 /* myBizTests.m in Sources */,
			);
			runOnlyForDeploymentPostprocessing = 0;
		};
/* End PBXSourcesBuildPhase section */

/* Begin PBXTargetDependency section */
		18556131185E52D5000DBE36 /* PBXTargetDependency */ = {
			isa = PBXTargetDependency;
			target = 18556106185E52D5000DBE36 /* myBiz */;
			targetProxy = 18556130185E52D5000DBE36 /* PBXContainerItemProxy */;
		};
/* End PBXTargetDependency section */

/* Begin PBXVariantGroup section */
		18556113185E52D5000DBE36 /* InfoPlist.strings */ = {
			isa = PBXVariantGroup;
			children = (
				18556114185E52D5000DBE36 /* en */,
			);
			name = InfoPlist.strings;
			sourceTree = "<group>";
		};
		1855611C185E52D5000DBE36 /* Main.storyboard */ = {
			isa = PBXVariantGroup;
			children = (
				1855611D185E52D5000DBE36 /* Base */,
			);
			name = Main.storyboard;
			sourceTree = "<group>";
		};
		18556135185E52D5000DBE36 /* InfoPlist.strings */ = {
			isa = PBXVariantGroup;
			children = (
				18556136185E52D5000DBE36 /* en */,
			);
			name = InfoPlist.strings;
			sourceTree = "<group>";
		};
/* End PBXVariantGroup section */

/* Begin XCBuildConfiguration section */
		1855613A185E52D5000DBE36 /* Debug */ = {
			isa = XCBuildConfiguration;
			buildSettings = {
				ALWAYS_SEARCH_USER_PATHS = NO;
				ARCHS = "$(ARCHS_STANDARD_INCLUDING_64_BIT)";
				CLANG_CXX_LANGUAGE_STANDARD = "gnu++0x";
				CLANG_CXX_LIBRARY = "libc++";
				CLANG_ENABLE_MODULES = YES;
				CLANG_ENABLE_OBJC_ARC = YES;
				CLANG_WARN_BOOL_CONVERSION = YES;
				CLANG_WARN_CONSTANT_CONVERSION = YES;
				CLANG_WARN_DIRECT_OBJC_ISA_USAGE = YES_ERROR;
				CLANG_WARN_EMPTY_BODY = YES;
				CLANG_WARN_ENUM_CONVERSION = YES;
				CLANG_WARN_INT_CONVERSION = YES;
				CLANG_WARN_OBJC_ROOT_CLASS = YES_ERROR;
				CLANG_WARN__DUPLICATE_METHOD_MATCH = YES;
				"CODE_SIGN_IDENTITY[sdk=iphoneos*]" = "iPhone Developer";
				COPY_PHASE_STRIP = NO;
				GCC_C_LANGUAGE_STANDARD = gnu99;
				GCC_DYNAMIC_NO_PIC = NO;
				GCC_OPTIMIZATION_LEVEL = 0;
				GCC_PREPROCESSOR_DEFINITIONS = (
					"DEBUG=1",
					"$(inherited)",
				);
				GCC_SYMBOLS_PRIVATE_EXTERN = NO;
				GCC_WARN_64_TO_32_BIT_CONVERSION = YES;
				GCC_WARN_ABOUT_RETURN_TYPE = YES_ERROR;
				GCC_WARN_UNDECLARED_SELECTOR = YES;
				GCC_WARN_UNINITIALIZED_AUTOS = YES;
				GCC_WARN_UNUSED_FUNCTION = YES;
				GCC_WARN_UNUSED_VARIABLE = YES;
				IPHONEOS_DEPLOYMENT_TARGET = 7.0;
				ONLY_ACTIVE_ARCH = YES;
				SDKROOT = iphoneos;
			};
			name = Debug;
		};
		1855613B185E52D5000DBE36 /* Release */ = {
			isa = XCBuildConfiguration;
			buildSettings = {
				ALWAYS_SEARCH_USER_PATHS = NO;
				ARCHS = "$(ARCHS_STANDARD_INCLUDING_64_BIT)";
				CLANG_CXX_LANGUAGE_STANDARD = "gnu++0x";
				CLANG_CXX_LIBRARY = "libc++";
				CLANG_ENABLE_MODULES = YES;
				CLANG_ENABLE_OBJC_ARC = YES;
				CLANG_WARN_BOOL_CONVERSION = YES;
				CLANG_WARN_CONSTANT_CONVERSION = YES;
				CLANG_WARN_DIRECT_OBJC_ISA_USAGE = YES_ERROR;
				CLANG_WARN_EMPTY_BODY = YES;
				CLANG_WARN_ENUM_CONVERSION = YES;
				CLANG_WARN_INT_CONVERSION = YES;
				CLANG_WARN_OBJC_ROOT_CLASS = YES_ERROR;
				CLANG_WARN__DUPLICATE_METHOD_MATCH = YES;
				"CODE_SIGN_IDENTITY[sdk=iphoneos*]" = "iPhone Developer";
				COPY_PHASE_STRIP = YES;
				ENABLE_NS_ASSERTIONS = NO;
				GCC_C_LANGUAGE_STANDARD = gnu99;
				GCC_WARN_64_TO_32_BIT_CONVERSION = YES;
				GCC_WARN_ABOUT_RETURN_TYPE = YES_ERROR;
				GCC_WARN_UNDECLARED_SELECTOR = YES;
				GCC_WARN_UNINITIALIZED_AUTOS = YES;
				GCC_WARN_UNUSED_FUNCTION = YES;
				GCC_WARN_UNUSED_VARIABLE = YES;
				IPHONEOS_DEPLOYMENT_TARGET = 7.0;
				SDKROOT = iphoneos;
				VALIDATE_PRODUCT = YES;
			};
			name = Release;
		};
		1855613D185E52D5000DBE36 /* Debug */ = {
			isa = XCBuildConfiguration;
			buildSettings = {
				ASSETCATALOG_COMPILER_APPICON_NAME = AppIcon;
				ASSETCATALOG_COMPILER_LAUNCHIMAGE_NAME = LaunchImage;
				GCC_PRECOMPILE_PREFIX_HEADER = YES;
				GCC_PREFIX_HEADER = "myBiz/myBiz-Prefix.pch";
				INFOPLIST_FILE = "myBiz/myBiz-Info.plist";
				PRODUCT_NAME = "$(TARGET_NAME)";
				WRAPPER_EXTENSION = app;
			};
			name = Debug;
		};
		1855613E185E52D5000DBE36 /* Release */ = {
			isa = XCBuildConfiguration;
			buildSettings = {
				ASSETCATALOG_COMPILER_APPICON_NAME = AppIcon;
				ASSETCATALOG_COMPILER_LAUNCHIMAGE_NAME = LaunchImage;
				GCC_PRECOMPILE_PREFIX_HEADER = YES;
				GCC_PREFIX_HEADER = "myBiz/myBiz-Prefix.pch";
				INFOPLIST_FILE = "myBiz/myBiz-Info.plist";
				PRODUCT_NAME = "$(TARGET_NAME)";
				WRAPPER_EXTENSION = app;
			};
			name = Release;
		};
		18556140185E52D5000DBE36 /* Debug */ = {
			isa = XCBuildConfiguration;
			buildSettings = {
				ARCHS = "$(ARCHS_STANDARD_INCLUDING_64_BIT)";
				BUNDLE_LOADER = "$(BUILT_PRODUCTS_DIR)/myBiz.app/myBiz";
				FRAMEWORK_SEARCH_PATHS = (
					"$(SDKROOT)/Developer/Library/Frameworks",
					"$(inherited)",
					"$(DEVELOPER_FRAMEWORKS_DIR)",
				);
				GCC_PRECOMPILE_PREFIX_HEADER = YES;
				GCC_PREFIX_HEADER = "myBiz/myBiz-Prefix.pch";
				GCC_PREPROCESSOR_DEFINITIONS = (
					"DEBUG=1",
					"$(inherited)",
				);
				INFOPLIST_FILE = "myBizTests/myBizTests-Info.plist";
				PRODUCT_NAME = "$(TARGET_NAME)";
				TEST_HOST = "$(BUNDLE_LOADER)";
				WRAPPER_EXTENSION = xctest;
			};
			name = Debug;
		};
		18556141185E52D5000DBE36 /* Release */ = {
			isa = XCBuildConfiguration;
			buildSettings = {
				ARCHS = "$(ARCHS_STANDARD_INCLUDING_64_BIT)";
				BUNDLE_LOADER = "$(BUILT_PRODUCTS_DIR)/myBiz.app/myBiz";
				FRAMEWORK_SEARCH_PATHS = (
					"$(SDKROOT)/Developer/Library/Frameworks",
					"$(inherited)",
					"$(DEVELOPER_FRAMEWORKS_DIR)",
				);
				GCC_PRECOMPILE_PREFIX_HEADER = YES;
				GCC_PREFIX_HEADER = "myBiz/myBiz-Prefix.pch";
				INFOPLIST_FILE = "myBizTests/myBizTests-Info.plist";
				PRODUCT_NAME = "$(TARGET_NAME)";
				TEST_HOST = "$(BUNDLE_LOADER)";
				WRAPPER_EXTENSION = xctest;
			};
			name = Release;
		};
/* End XCBuildConfiguration section */

/* Begin XCConfigurationList section */
		18556102185E52D5000DBE36 /* Build configuration list for PBXProject "myBiz" */ = {
			isa = XCConfigurationList;
			buildConfigurations = (
				1855613A185E52D5000DBE36 /* Debug */,
				1855613B185E52D5000DBE36 /* Release */,
			);
			defaultConfigurationIsVisible = 0;
			defaultConfigurationName = Release;
		};
		1855613C185E52D5000DBE36 /* Build configuration list for PBXNativeTarget "myBiz" */ = {
			isa = XCConfigurationList;
			buildConfigurations = (
				1855613D185E52D5000DBE36 /* Debug */,
				1855613E185E52D5000DBE36 /* Release */,
			);
			defaultConfigurationIsVisible = 0;
		};
		1855613F185E52D5000DBE36 /* Build configuration list for PBXNativeTarget "myBizTests" */ = {
			isa = XCConfigurationList;
			buildConfigurations = (
				18556140185E52D5000DBE36 /* Debug */,
				18556141185E52D5000DBE36 /* Release */,
			);
			defaultConfigurationIsVisible = 0;
		};
/* End XCConfigurationList section */
	};
	rootObject = 185560FF185E52D5000DBE36 /* Project object */;
}
